// !$*UTF8*$!
{
	archiveVersion = 1;
	classes = {
	};
	objectVersion = 50;
	objects = {

/* Begin PBXBuildFile section */
		DF095055225F5F1500F916A3 /* AppDelegate.m in Sources */ = {isa = PBXBuildFile; fileRef = DF095054225F5F1500F916A3 /* AppDelegate.m */; };
		DF095058225F5F1500F916A3 /* ViewController.m in Sources */ = {isa = PBXBuildFile; fileRef = DF095057225F5F1500F916A3 /* ViewController.m */; };
		DF09505B225F5F1500F916A3 /* Main.storyboard in Resources */ = {isa = PBXBuildFile; fileRef = DF095059225F5F1500F916A3 /* Main.storyboard */; };
		DF09505E225F5F1500F916A3 /* Runtime.xcdatamodeld in Sources */ = {isa = PBXBuildFile; fileRef = DF09505C225F5F1500F916A3 /* Runtime.xcdatamodeld */; };
		DF095060225F5F1800F916A3 /* Assets.xcassets in Resources */ = {isa = PBXBuildFile; fileRef = DF09505F225F5F1800F916A3 /* Assets.xcassets */; };
		DF095063225F5F1800F916A3 /* LaunchScreen.storyboard in Resources */ = {isa = PBXBuildFile; fileRef = DF095061225F5F1800F916A3 /* LaunchScreen.storyboard */; };
		DF095066225F5F1800F916A3 /* main.m in Sources */ = {isa = PBXBuildFile; fileRef = DF095065225F5F1800F916A3 /* main.m */; };
		DF09506F225F601600F916A3 /* Test1ViewController.m in Sources */ = {isa = PBXBuildFile; fileRef = DF09506E225F601600F916A3 /* Test1ViewController.m */; };
/* End PBXBuildFile section */

/* Begin PBXFileReference section */
		DF095050225F5F1500F916A3 /* Runtime.app */ = {isa = PBXFileReference; explicitFileType = wrapper.application; includeInIndex = 0; path = Runtime.app; sourceTree = BUILT_PRODUCTS_DIR; };
		DF095053225F5F1500F916A3 /* AppDelegate.h */ = {isa = PBXFileReference; lastKnownFileType = sourcecode.c.h; path = AppDelegate.h; sourceTree = "<group>"; };
		DF095054225F5F1500F916A3 /* AppDelegate.m */ = {isa = PBXFileReference; lastKnownFileType = sourcecode.c.objc; path = AppDelegate.m; sourceTree = "<group>"; };
		DF095056225F5F1500F916A3 /* ViewController.h */ = {isa = PBXFileReference; lastKnownFileType = sourcecode.c.h; path = ViewController.h; sourceTree = "<group>"; };
		DF095057225F5F1500F916A3 /* ViewController.m */ = {isa = PBXFileReference; lastKnownFileType = sourcecode.c.objc; path = ViewController.m; sourceTree = "<group>"; };
		DF09505A225F5F1500F916A3 /* Base */ = {isa = PBXFileReference; lastKnownFileType = file.storyboard; name = Base; path = Base.lproj/Main.storyboard; sourceTree = "<group>"; };
		DF09505D225F5F1500F916A3 /* Runtime.xcdatamodel */ = {isa = PBXFileReference; lastKnownFileType = wrapper.xcdatamodel; path = Runtime.xcdatamodel; sourceTree = "<group>"; };
		DF09505F225F5F1800F916A3 /* Assets.xcassets */ = {isa = PBXFileReference; lastKnownFileType = folder.assetcatalog; path = Assets.xcassets; sourceTree = "<group>"; };
		DF095062225F5F1800F916A3 /* Base */ = {isa = PBXFileReference; lastKnownFileType = file.storyboard; name = Base; path = Base.lproj/LaunchScreen.storyboard; sourceTree = "<group>"; };
		DF095064225F5F1800F916A3 /* Info.plist */ = {isa = PBXFileReference; lastKnownFileType = text.plist.xml; path = Info.plist; sourceTree = "<group>"; };
		DF095065225F5F1800F916A3 /* main.m */ = {isa = PBXFileReference; lastKnownFileType = sourcecode.c.objc; path = main.m; sourceTree = "<group>"; };
		DF09506D225F601600F916A3 /* Test1ViewController.h */ = {isa = PBXFileReference; lastKnownFileType = sourcecode.c.h; path = Test1ViewController.h; sourceTree = "<group>"; };
		DF09506E225F601600F916A3 /* Test1ViewController.m */ = {isa = PBXFileReference; lastKnownFileType = sourcecode.c.objc; path = Test1ViewController.m; sourceTree = "<group>"; };
		DF095074225F613200F916A3 /* Test1.h */ = {isa = PBXFileReference; lastKnownFileType = sourcecode.c.h; path = Test1.h; sourceTree = "<group>"; };
/* End PBXFileReference section */

/* Begin PBXFrameworksBuildPhase section */
		DF09504D225F5F1500F916A3 /* Frameworks */ = {
			isa = PBXFrameworksBuildPhase;
			buildActionMask = 2147483647;
			files = (
			);
			runOnlyForDeploymentPostprocessing = 0;
		};
/* End PBXFrameworksBuildPhase section */

/* Begin PBXGroup section */
		DF095047225F5F1500F916A3 = {
			isa = PBXGroup;
			children = (
				DF095052225F5F1500F916A3 /* Runtime */,
				DF095051225F5F1500F916A3 /* Products */,
			);
			sourceTree = "<group>";
		};
		DF095051225F5F1500F916A3 /* Products */ = {
			isa = PBXGroup;
			children = (
				DF095050225F5F1500F916A3 /* Runtime.app */,
			);
			name = Products;
			sourceTree = "<group>";
		};
		DF095052225F5F1500F916A3 /* Runtime */ = {
			isa = PBXGroup;
			children = (
				DF09506C225F5FF200F916A3 /* Test1 */,
				DF095053225F5F1500F916A3 /* AppDelegate.h */,
				DF095054225F5F1500F916A3 /* AppDelegate.m */,
				DF095056225F5F1500F916A3 /* ViewController.h */,
				DF095057225F5F1500F916A3 /* ViewController.m */,
				DF095059225F5F1500F916A3 /* Main.storyboard */,
				DF09505F225F5F1800F916A3 /* Assets.xcassets */,
				DF095061225F5F1800F916A3 /* LaunchScreen.storyboard */,
				DF095064225F5F1800F916A3 /* Info.plist */,
				DF095065225F5F1800F916A3 /* main.m */,
				DF09505C225F5F1500F916A3 /* Runtime.xcdatamodeld */,
			);
			path = Runtime;
			sourceTree = "<group>";
		};
		DF09506C225F5FF200F916A3 /* Test1 */ = {
			isa = PBXGroup;
			children = (
				DF095074225F613200F916A3 /* Test1.h */,
				DF09506D225F601600F916A3 /* Test1ViewController.h */,
				DF09506E225F601600F916A3 /* Test1ViewController.m */,
			);
			path = Test1;
			sourceTree = "<group>";
		};
/* End PBXGroup section */

/* Begin PBXNativeTarget section */
		DF09504F225F5F1500F916A3 /* Runtime */ = {
			isa = PBXNativeTarget;
			buildConfigurationList = DF095069225F5F1800F916A3 /* Build configuration list for PBXNativeTarget "Runtime" */;
			buildPhases = (
				DF09504C225F5F1500F916A3 /* Sources */,
				DF09504D225F5F1500F916A3 /* Frameworks */,
				DF09504E225F5F1500F916A3 /* Resources */,
			);
			buildRules = (
			);
			dependencies = (
			);
			name = Runtime;
			productName = Runtime;
			productReference = DF095050225F5F1500F916A3 /* Runtime.app */;
			productType = "com.apple.product-type.application";
		};
/* End PBXNativeTarget section */

/* Begin PBXProject section */
		DF095048225F5F1500F916A3 /* Project object */ = {
			isa = PBXProject;
			attributes = {
				LastUpgradeCheck = 1010;
				ORGANIZATIONNAME = "汤军";
				TargetAttributes = {
					DF09504F225F5F1500F916A3 = {
						CreatedOnToolsVersion = 10.1;
					};
				};
			};
			buildConfigurationList = DF09504B225F5F1500F916A3 /* Build configuration list for PBXProject "Runtime" */;
			compatibilityVersion = "Xcode 9.3";
			developmentRegion = en;
			hasScannedForEncodings = 0;
			knownRegions = (
				en,
				Base,
			);
			mainGroup = DF095047225F5F1500F916A3;
			productRefGroup = DF095051225F5F1500F916A3 /* Products */;
			projectDirPath = "";
			projectRoot = "";
			targets = (
				DF09504F225F5F1500F916A3 /* Runtime */,
			);
		};
/* End PBXProject section */

/* Begin PBXResourcesBuildPhase section */
		DF09504E225F5F1500F916A3 /* Resources */ = {
			isa = PBXResourcesBuildPhase;
			buildActionMask = 2147483647;
			files = (
				DF095063225F5F1800F916A3 /* LaunchScreen.storyboard in Resources */,
				DF095060225F5F1800F916A3 /* Assets.xcassets in Resources */,
				DF09505B225F5F1500F916A3 /* Main.storyboard in Resources */,
			);
			runOnlyForDeploymentPostprocessing = 0;
		};
/* End PBXResourcesBuildPhase section */

/* Begin PBXSourcesBuildPhase section */
		DF09504C225F5F1500F916A3 /* Sources */ = {
			isa = PBXSourcesBuildPhase;
			buildActionMask = 2147483647;
			files = (
				DF095058225F5F1500F916A3 /* ViewController.m in Sources */,
				DF09506F225F601600F916A3 /* Test1ViewController.m in Sources */,
				DF095055225F5F1500F916A3 /* AppDelegate.m in Sources */,
				DF095066225F5F1800F916A3 /* main.m in Sources */,
				DF09505E225F5F1500F916A3 /* Runtime.xcdatamodeld in Sources */,
			);
			runOnlyForDeploymentPostprocessing = 0;
		};
/* End PBXSourcesBuildPhase section */

/* Begin PBXVariantGroup section */
		DF095059225F5F1500F916A3 /* Main.storyboard */ = {
			isa = PBXVariantGroup;
			children = (
				DF09505A225F5F1500F916A3 /* Base */,
			);
			name = Main.storyboard;
			sourceTree = "<group>";
		};
		DF095061225F5F1800F916A3 /* LaunchScreen.storyboard */ = {
			isa = PBXVariantGroup;
			children = (
				DF095062225F5F1800F916A3 /* Base */,
			);
			name = LaunchScreen.storyboard;
			sourceTree = "<group>";
		};
/* End PBXVariantGroup section */

/* Begin XCBuildConfiguration section */
		DF095067225F5F1800F916A3 /* Debug */ = {
			isa = XCBuildConfiguration;
			buildSettings = {
				ALWAYS_SEARCH_USER_PATHS = NO;
				CLANG_ANALYZER_NONNULL = YES;
				CLANG_ANALYZER_NUMBER_OBJECT_CONVERSION = YES_AGGRESSIVE;
				CLANG_CXX_LANGUAGE_STANDARD = "gnu++14";
				CLANG_CXX_LIBRARY = "libc++";
				CLANG_ENABLE_MODULES = YES;
				CLANG_ENABLE_OBJC_ARC = YES;
				CLANG_ENABLE_OBJC_WEAK = YES;
				CLANG_WARN_BLOCK_CAPTURE_AUTORELEASING = YES;
				CLANG_WARN_BOOL_CONVERSION = YES;
				CLANG_WARN_COMMA = YES;
				CLANG_WARN_CONSTANT_CONVERSION = YES;
				CLANG_WARN_DEPRECATED_OBJC_IMPLEMENTATIONS = YES;
				CLANG_WARN_DIRECT_OBJC_ISA_USAGE = YES_ERROR;
				CLANG_WARN_DOCUMENTATION_COMMENTS = YES;
				CLANG_WARN_EMPTY_BODY = YES;
				CLANG_WARN_ENUM_CONVERSION = YES;
				CLANG_WARN_INFINITE_RECURSION = YES;
				CLANG_WARN_INT_CONVERSION = YES;
				CLANG_WARN_NON_LITERAL_NULL_CONVERSION = YES;
				CLANG_WARN_OBJC_IMPLICIT_RETAIN_SELF = YES;
				CLANG_WARN_OBJC_LITERAL_CONVERSION = YES;
				CLANG_WARN_OBJC_ROOT_CLASS = YES_ERROR;
				CLANG_WARN_RANGE_LOOP_ANALYSIS = YES;
				CLANG_WARN_STRICT_PROTOTYPES = YES;
				CLANG_WARN_SUSPICIOUS_MOVE = YES;
				CLANG_WARN_UNGUARDED_AVAILABILITY = YES_AGGRESSIVE;
				CLANG_WARN_UNREACHABLE_CODE = YES;
				CLANG_WARN__DUPLICATE_METHOD_MATCH = YES;
				CODE_SIGN_IDENTITY = "iPhone Developer";
				COPY_PHASE_STRIP = NO;
				DEBUG_INFORMATION_FORMAT = dwarf;
				ENABLE_STRICT_OBJC_MSGSEND = YES;
				ENABLE_TESTABILITY = YES;
				GCC_C_LANGUAGE_STANDARD = gnu11;
				GCC_DYNAMIC_NO_PIC = NO;
				GCC_NO_COMMON_BLOCKS = YES;
				GCC_OPTIMIZATION_LEVEL = 0;
				GCC_PREPROCESSOR_DEFINITIONS = (
					"DEBUG=1",
					"$(inherited)",
				);
				GCC_WARN_64_TO_32_BIT_CONVERSION = YES;
				GCC_WARN_ABOUT_RETURN_TYPE = YES_ERROR;
				GCC_WARN_UNDECLARED_SELECTOR = YES;
				GCC_WARN_UNINITIALIZED_AUTOS = YES_AGGRESSIVE;
				GCC_WARN_UNUSED_FUNCTION = YES;
				GCC_WARN_UNUSED_VARIABLE = YES;
				IPHONEOS_DEPLOYMENT_TARGET = 12.1;
				MTL_ENABLE_DEBUG_INFO = INCLUDE_SOURCE;
				MTL_FAST_MATH = YES;
				ONLY_ACTIVE_ARCH = YES;
				SDKROOT = iphoneos;
			};
			name = Debug;
		};
		DF095068225F5F1800F916A3 /* Release */ = {
			isa = XCBuildConfiguration;
			buildSettings = {
				ALWAYS_SEARCH_USER_PATHS = NO;
				CLANG_ANALYZER_NONNULL = YES;
				CLANG_ANALYZER_NUMBER_OBJECT_CONVERSION = YES_AGGRESSIVE;
				CLANG_CXX_LANGUAGE_STANDARD = "gnu++14";
				CLANG_CXX_LIBRARY = "libc++";
				CLANG_ENABLE_MODULES = YES;
				CLANG_ENABLE_OBJC_ARC = YES;
				CLANG_ENABLE_OBJC_WEAK = YES;
				CLANG_WARN_BLOCK_CAPTURE_AUTORELEASING = YES;
				CLANG_WARN_BOOL_CONVERSION = YES;
				CLANG_WARN_COMMA = YES;
				CLANG_WARN_CONSTANT_CONVERSION = YES;
				CLANG_WARN_DEPRECATED_OBJC_IMPLEMENTATIONS = YES;
				CLANG_WARN_DIRECT_OBJC_ISA_USAGE = YES_ERROR;
				CLANG_WARN_DOCUMENTATION_COMMENTS = YES;
				CLANG_WARN_EMPTY_BODY = YES;
				CLANG_WARN_ENUM_CONVERSION = YES;
				CLANG_WARN_INFINITE_RECURSION = YES;
				CLANG_WARN_INT_CONVERSION = YES;
				CLANG_WARN_NON_LITERAL_NULL_CONVERSION = YES;
				CLANG_WARN_OBJC_IMPLICIT_RETAIN_SELF = YES;
				CLANG_WARN_OBJC_LITERAL_CONVERSION = YES;
				CLANG_WARN_OBJC_ROOT_CLASS = YES_ERROR;
				CLANG_WARN_RANGE_LOOP_ANALYSIS = YES;
				CLANG_WARN_STRICT_PROTOTYPES = YES;
				CLANG_WARN_SUSPICIOUS_MOVE = YES;
				CLANG_WARN_UNGUARDED_AVAILABILITY = YES_AGGRESSIVE;
				CLANG_WARN_UNREACHABLE_CODE = YES;
				CLANG_WARN__DUPLICATE_METHOD_MATCH = YES;
				CODE_SIGN_IDENTITY = "iPhone Developer";
				COPY_PHASE_STRIP = NO;
				DEBUG_INFORMATION_FORMAT = "dwarf-with-dsym";
				ENABLE_NS_ASSERTIONS = NO;
				ENABLE_STRICT_OBJC_MSGSEND = YES;
				GCC_C_LANGUAGE_STANDARD = gnu11;
				GCC_NO_COMMON_BLOCKS = YES;
				GCC_WARN_64_TO_32_BIT_CONVERSION = YES;
				GCC_WARN_ABOUT_RETURN_TYPE = YES_ERROR;
				GCC_WARN_UNDECLARED_SELECTOR = YES;
				GCC_WARN_UNINITIALIZED_AUTOS = YES_AGGRESSIVE;
				GCC_WARN_UNUSED_FUNCTION = YES;
				GCC_WARN_UNUSED_VARIABLE = YES;
				IPHONEOS_DEPLOYMENT_TARGET = 12.1;
				MTL_ENABLE_DEBUG_INFO = NO;
				MTL_FAST_MATH = YES;
				SDKROOT = iphoneos;
				VALIDATE_PRODUCT = YES;
			};
			name = Release;
		};
		DF09506A225F5F1800F916A3 /* Debug */ = {
			isa = XCBuildConfiguration;
			buildSettings = {
				ASSETCATALOG_COMPILER_APPICON_NAME = AppIcon;
				CODE_SIGN_STYLE = Automatic;
				DEVELOPMENT_TEAM = 62MW876854;
				INFOPLIST_FILE = Runtime/Info.plist;
				LD_RUNPATH_SEARCH_PATHS = (
					"$(inherited)",
					"@executable_path/Frameworks",
				);
				PRODUCT_BUNDLE_IDENTIFIER = com.mason.Runtime;
				PRODUCT_NAME = "$(TARGET_NAME)";
				TARGETED_DEVICE_FAMILY = "1,2";
			};
			name = Debug;
		};
		DF09506B225F5F1800F916A3 /* Release */ = {
			isa = XCBuildConfiguration;
			buildSettings = {
				ASSETCATALOG_COMPILER_APPICON_NAME = AppIcon;
				CODE_SIGN_STYLE = Automatic;
				DEVELOPMENT_TEAM = 62MW876854;
				INFOPLIST_FILE = Runtime/Info.plist;
				LD_RUNPATH_SEARCH_PATHS = (
					"$(inherited)",
					"@executable_path/Frameworks",
				);
				PRODUCT_BUNDLE_IDENTIFIER = com.mason.Runtime;
				PRODUCT_NAME = "$(TARGET_NAME)";
				TARGETED_DEVICE_FAMILY = "1,2";
			};
			name = Release;
		};
/* End XCBuildConfiguration section */

/* Begin XCConfigurationList section */
		DF09504B225F5F1500F916A3 /* Build configuration list for PBXProject "Runtime" */ = {
			isa = XCConfigurationList;
			buildConfigurations = (
				DF095067225F5F1800F916A3 /* Debug */,
				DF095068225F5F1800F916A3 /* Release */,
			);
			defaultConfigurationIsVisible = 0;
			defaultConfigurationName = Release;
		};
		DF095069225F5F1800F916A3 /* Build configuration list for PBXNativeTarget "Runtime" */ = {
			isa = XCConfigurationList;
			buildConfigurations = (
				DF09506A225F5F1800F916A3 /* Debug */,
				DF09506B225F5F1800F916A3 /* Release */,
			);
			defaultConfigurationIsVisible = 0;
			defaultConfigurationName = Release;
		};
/* End XCConfigurationList section */

/* Begin XCVersionGroup section */
		DF09505C225F5F1500F916A3 /* Runtime.xcdatamodeld */ = {
			isa = XCVersionGroup;
			children = (
				DF09505D225F5F1500F916A3 /* Runtime.xcdatamodel */,
			);
			currentVersion = DF09505D225F5F1500F916A3 /* Runtime.xcdatamodel */;
			path = Runtime.xcdatamodeld;
			sourceTree = "<group>";
			versionGroupType = wrapper.xcdatamodel;
		};
/* End XCVersionGroup section */
	};
	rootObject = DF095048225F5F1500F916A3 /* Project object */;
}
